
Microsoft Visual Studio Solution File, Format Version 12.00
# Visual Studio Version 16
VisualStudioVersion = 16.0.29215.179
MinimumVisualStudioVersion = 10.0.40219.1
Project("{FAE04EC0-301F-11D3-BF4B-00C04F79EFBC}") = "Adminstration_App", "Adminstration_App\Adminstration_App.csproj", "{A39CDF45-40C8-4A2D-AEF4-01939E2E8976}"
EndProject
Global
	GlobalSection(SolutionConfigurationPlatforms) = preSolution
		Debug|Any CPU = Debug|Any CPU
		Release|Any CPU = Release|Any CPU
	EndGlobalSection
	GlobalSection(ProjectConfigurationPlatforms) = postSolution
		{A39CDF45-40C8-4A2D-AEF4-01939E2E8976}.Debug|Any CPU.ActiveCfg = Debug|Any CPU
		{A39CDF45-40C8-4A2D-AEF4-01939E2E8976}.Debug|Any CPU.Build.0 = Debug|Any CPU
		{A39CDF45-40C8-4A2D-AEF4-01939E2E8976}.Release|Any CPU.ActiveCfg = Release|Any CPU
		{A39CDF45-40C8-4A2D-AEF4-01939E2E8976}.Release|Any CPU.Build.0 = Release|Any CPU
	EndGlobalSection
	GlobalSection(SolutionProperties) = preSolution
		HideSolutionNode = FALSE
	EndGlobalSection
	GlobalSection(ExtensibilityGlobals) = postSolution
		SolutionGuid = {9D4592E7-35D2-4E53-AD84-A4C0434892AE}
	EndGlobalSection
EndGlobal
